{
	"name": "@scriptaddicts/gas-analytics-mp",
	"version": "0.0.1",
	"lockfileVersion": 1,
	"requires": true,
	"dependencies": {
		"gas-lib": {
			"version": "2.0.1",
			"resolved": "https://registry.npmjs.org/gas-lib/-/gas-lib-2.0.1.tgz",
			"integrity": "sha512-Csy22HSJIuFjupNhIIgyFcxGV3HImh3hWSIr41s4FJVasxGx9W9871GWUEmBrCSiqj6TJWTNs0cGCgDc6xTAmw==",
			"dev": true
		}
	}
}
